// !$*UTF8*$!
{
	archiveVersion = 1;
	classes = {
	};
	objectVersion = 56;
	objects = {

/* Begin PBXBuildFile section */
		807DF2E72BABE88A009FC3B3 /* RustSwiftApp.swift in Sources */ = {isa = PBXBuildFile; fileRef = 807DF2E62BABE88A009FC3B3 /* RustSwiftApp.swift */; };
		807DF2E92BABE88A009FC3B3 /* ContentView.swift in Sources */ = {isa = PBXBuildFile; fileRef = 807DF2E82BABE88A009FC3B3 /* ContentView.swift */; };
		807DF2EB2BABE88B009FC3B3 /* Assets.xcassets in Resources */ = {isa = PBXBuildFile; fileRef = 807DF2EA2BABE88B009FC3B3 /* Assets.xcassets */; };
		807DF2EE2BABE88B009FC3B3 /* Preview Assets.xcassets in Resources */ = {isa = PBXBuildFile; fileRef = 807DF2ED2BABE88B009FC3B3 /* Preview Assets.xcassets */; };
		807DF2F82BABE88B009FC3B3 /* RustSwiftTests.swift in Sources */ = {isa = PBXBuildFile; fileRef = 807DF2F72BABE88B009FC3B3 /* RustSwiftTests.swift */; };
		807DF3022BABE88B009FC3B3 /* RustSwiftUITests.swift in Sources */ = {isa = PBXBuildFile; fileRef = 807DF3012BABE88B009FC3B3 /* RustSwiftUITests.swift */; };
		807DF3042BABE88B009FC3B3 /* RustSwiftUITestsLaunchTests.swift in Sources */ = {isa = PBXBuildFile; fileRef = 807DF3032BABE88B009FC3B3 /* RustSwiftUITestsLaunchTests.swift */; };
		807DF3112BABE9BB009FC3B3 /* Hello.swift in Sources */ = {isa = PBXBuildFile; fileRef = 807DF3102BABE9BB009FC3B3 /* Hello.swift */; };
		807DF3142BABEA53009FC3B3 /* librust.a in Frameworks */ = {isa = PBXBuildFile; fileRef = 807DF3132BABEA51009FC3B3 /* librust.a */; };
/* End PBXBuildFile section */

/* Begin PBXContainerItemProxy section */
		807DF2F42BABE88B009FC3B3 /* PBXContainerItemProxy */ = {
			isa = PBXContainerItemProxy;
			containerPortal = 807DF2DB2BABE88A009FC3B3 /* Project object */;
			proxyType = 1;
			remoteGlobalIDString = 807DF2E22BABE88A009FC3B3;
			remoteInfo = RustSwift;
		};
		807DF2FE2BABE88B009FC3B3 /* PBXContainerItemProxy */ = {
			isa = PBXContainerItemProxy;
			containerPortal = 807DF2DB2BABE88A009FC3B3 /* Project object */;
			proxyType = 1;
			remoteGlobalIDString = 807DF2E22BABE88A009FC3B3;
			remoteInfo = RustSwift;
		};
/* End PBXContainerItemProxy section */

/* Begin PBXFileReference section */
		807DF2E32BABE88A009FC3B3 /* RustSwift.app */ = {isa = PBXFileReference; explicitFileType = wrapper.application; includeInIndex = 0; path = RustSwift.app; sourceTree = BUILT_PRODUCTS_DIR; };
		807DF2E62BABE88A009FC3B3 /* RustSwiftApp.swift */ = {isa = PBXFileReference; lastKnownFileType = sourcecode.swift; path = RustSwiftApp.swift; sourceTree = "<group>"; };
		807DF2E82BABE88A009FC3B3 /* ContentView.swift */ = {isa = PBXFileReference; lastKnownFileType = sourcecode.swift; path = ContentView.swift; sourceTree = "<group>"; };
		807DF2EA2BABE88B009FC3B3 /* Assets.xcassets */ = {isa = PBXFileReference; lastKnownFileType = folder.assetcatalog; path = Assets.xcassets; sourceTree = "<group>"; };
		807DF2ED2BABE88B009FC3B3 /* Preview Assets.xcassets */ = {isa = PBXFileReference; lastKnownFileType = folder.assetcatalog; path = "Preview Assets.xcassets"; sourceTree = "<group>"; };
		807DF2F32BABE88B009FC3B3 /* RustSwiftTests.xctest */ = {isa = PBXFileReference; explicitFileType = wrapper.cfbundle; includeInIndex = 0; path = RustSwiftTests.xctest; sourceTree = BUILT_PRODUCTS_DIR; };
		807DF2F72BABE88B009FC3B3 /* RustSwiftTests.swift */ = {isa = PBXFileReference; lastKnownFileType = sourcecode.swift; path = RustSwiftTests.swift; sourceTree = "<group>"; };
		807DF2FD2BABE88B009FC3B3 /* RustSwiftUITests.xctest */ = {isa = PBXFileReference; explicitFileType = wrapper.cfbundle; includeInIndex = 0; path = RustSwiftUITests.xctest; sourceTree = BUILT_PRODUCTS_DIR; };
		807DF3012BABE88B009FC3B3 /* RustSwiftUITests.swift */ = {isa = PBXFileReference; lastKnownFileType = sourcecode.swift; path = RustSwiftUITests.swift; sourceTree = "<group>"; };
		807DF3032BABE88B009FC3B3 /* RustSwiftUITestsLaunchTests.swift */ = {isa = PBXFileReference; lastKnownFileType = sourcecode.swift; path = RustSwiftUITestsLaunchTests.swift; sourceTree = "<group>"; };
		807DF3102BABE9BB009FC3B3 /* Hello.swift */ = {isa = PBXFileReference; lastKnownFileType = sourcecode.swift; path = Hello.swift; sourceTree = "<group>"; };
		807DF3132BABEA51009FC3B3 /* librust.a */ = {isa = PBXFileReference; lastKnownFileType = archive.ar; name = librust.a; path = "../rust-ios-example/hello-rust/libs/librust.a"; sourceTree = "<group>"; };
/* End PBXFileReference section */

/* Begin PBXFrameworksBuildPhase section */
		807DF2E02BABE88A009FC3B3 /* Frameworks */ = {
			isa = PBXFrameworksBuildPhase;
			buildActionMask = 2147483647;
			files = (
				807DF3142BABEA53009FC3B3 /* librust.a in Frameworks */,
			);
			runOnlyForDeploymentPostprocessing = 0;
		};
		807DF2F02BABE88B009FC3B3 /* Frameworks */ = {
			isa = PBXFrameworksBuildPhase;
			buildActionMask = 2147483647;
			files = (
			);
			runOnlyForDeploymentPostprocessing = 0;
		};
		807DF2FA2BABE88B009FC3B3 /* Frameworks */ = {
			isa = PBXFrameworksBuildPhase;
			buildActionMask = 2147483647;
			files = (
			);
			runOnlyForDeploymentPostprocessing = 0;
		};
/* End PBXFrameworksBuildPhase section */

/* Begin PBXGroup section */
		807DF2DA2BABE88A009FC3B3 = {
			isa = PBXGroup;
			children = (
				807DF2E52BABE88A009FC3B3 /* RustSwift */,
				807DF2F62BABE88B009FC3B3 /* RustSwiftTests */,
				807DF3002BABE88B009FC3B3 /* RustSwiftUITests */,
				807DF2E42BABE88A009FC3B3 /* Products */,
				807DF3122BABEA50009FC3B3 /* Frameworks */,
			);
			sourceTree = "<group>";
		};
		807DF2E42BABE88A009FC3B3 /* Products */ = {
			isa = PBXGroup;
			children = (
				807DF2E32BABE88A009FC3B3 /* RustSwift.app */,
				807DF2F32BABE88B009FC3B3 /* RustSwiftTests.xctest */,
				807DF2FD2BABE88B009FC3B3 /* RustSwiftUITests.xctest */,
			);
			name = Products;
			sourceTree = "<group>";
		};
		807DF2E52BABE88A009FC3B3 /* RustSwift */ = {
			isa = PBXGroup;
			children = (
				807DF2E62BABE88A009FC3B3 /* RustSwiftApp.swift */,
				807DF2E82BABE88A009FC3B3 /* ContentView.swift */,
				807DF3102BABE9BB009FC3B3 /* Hello.swift */,
				807DF2EA2BABE88B009FC3B3 /* Assets.xcassets */,
				807DF2EC2BABE88B009FC3B3 /* Preview Content */,
			);
			path = RustSwift;
			sourceTree = "<group>";
		};
		807DF2EC2BABE88B009FC3B3 /* Preview Content */ = {
			isa = PBXGroup;
			children = (
				807DF2ED2BABE88B009FC3B3 /* Preview Assets.xcassets */,
			);
			path = "Preview Content";
			sourceTree = "<group>";
		};
		807DF2F62BABE88B009FC3B3 /* RustSwiftTests */ = {
			isa = PBXGroup;
			children = (
				807DF2F72BABE88B009FC3B3 /* RustSwiftTests.swift */,
			);
			path = RustSwiftTests;
			sourceTree = "<group>";
		};
		807DF3002BABE88B009FC3B3 /* RustSwiftUITests */ = {
			isa = PBXGroup;
			children = (
				807DF3012BABE88B009FC3B3 /* RustSwiftUITests.swift */,
				807DF3032BABE88B009FC3B3 /* RustSwiftUITestsLaunchTests.swift */,
			);
			path = RustSwiftUITests;
			sourceTree = "<group>";
		};
		807DF3122BABEA50009FC3B3 /* Frameworks */ = {
			isa = PBXGroup;
			children = (
				807DF3132BABEA51009FC3B3 /* librust.a */,
			);
			name = Frameworks;
			sourceTree = "<group>";
		};
/* End PBXGroup section */

/* Begin PBXNativeTarget section */
		807DF2E22BABE88A009FC3B3 /* RustSwift */ = {
			isa = PBXNativeTarget;
			buildConfigurationList = 807DF3072BABE88B009FC3B3 /* Build configuration list for PBXNativeTarget "RustSwift" */;
			buildPhases = (
				807DF2DF2BABE88A009FC3B3 /* Sources */,
				807DF2E02BABE88A009FC3B3 /* Frameworks */,
				807DF2E12BABE88A009FC3B3 /* Resources */,
			);
			buildRules = (
			);
			dependencies = (
			);
			name = RustSwift;
			productName = RustSwift;
			productReference = 807DF2E32BABE88A009FC3B3 /* RustSwift.app */;
			productType = "com.apple.product-type.application";
		};
		807DF2F22BABE88B009FC3B3 /* RustSwiftTests */ = {
			isa = PBXNativeTarget;
			buildConfigurationList = 807DF30A2BABE88B009FC3B3 /* Build configuration list for PBXNativeTarget "RustSwiftTests" */;
			buildPhases = (
				807DF2EF2BABE88B009FC3B3 /* Sources */,
				807DF2F02BABE88B009FC3B3 /* Frameworks */,
				807DF2F12BABE88B009FC3B3 /* Resources */,
			);
			buildRules = (
			);
			dependencies = (
				807DF2F52BABE88B009FC3B3 /* PBXTargetDependency */,
			);
			name = RustSwiftTests;
			productName = RustSwiftTests;
			productReference = 807DF2F32BABE88B009FC3B3 /* RustSwiftTests.xctest */;
			productType = "com.apple.product-type.bundle.unit-test";
		};
		807DF2FC2BABE88B009FC3B3 /* RustSwiftUITests */ = {
			isa = PBXNativeTarget;
			buildConfigurationList = 807DF30D2BABE88B009FC3B3 /* Build configuration list for PBXNativeTarget "RustSwiftUITests" */;
			buildPhases = (
				807DF2F92BABE88B009FC3B3 /* Sources */,
				807DF2FA2BABE88B009FC3B3 /* Frameworks */,
				807DF2FB2BABE88B009FC3B3 /* Resources */,
			);
			buildRules = (
			);
			dependencies = (
				807DF2FF2BABE88B009FC3B3 /* PBXTargetDependency */,
			);
			name = RustSwiftUITests;
			productName = RustSwiftUITests;
			productReference = 807DF2FD2BABE88B009FC3B3 /* RustSwiftUITests.xctest */;
			productType = "com.apple.product-type.bundle.ui-testing";
		};
/* End PBXNativeTarget section */

/* Begin PBXProject section */
		807DF2DB2BABE88A009FC3B3 /* Project object */ = {
			isa = PBXProject;
			attributes = {
				BuildIndependentTargetsInParallel = 1;
				LastSwiftUpdateCheck = 1510;
				LastUpgradeCheck = 1510;
				TargetAttributes = {
					807DF2E22BABE88A009FC3B3 = {
						CreatedOnToolsVersion = 15.1;
					};
					807DF2F22BABE88B009FC3B3 = {
						CreatedOnToolsVersion = 15.1;
						TestTargetID = 807DF2E22BABE88A009FC3B3;
					};
					807DF2FC2BABE88B009FC3B3 = {
						CreatedOnToolsVersion = 15.1;
						TestTargetID = 807DF2E22BABE88A009FC3B3;
					};
				};
			};
			buildConfigurationList = 807DF2DE2BABE88A009FC3B3 /* Build configuration list for PBXProject "RustSwift" */;
			compatibilityVersion = "Xcode 14.0";
			developmentRegion = en;
			hasScannedForEncodings = 0;
			knownRegions = (
				en,
				Base,
			);
			mainGroup = 807DF2DA2BABE88A009FC3B3;
			productRefGroup = 807DF2E42BABE88A009FC3B3 /* Products */;
			projectDirPath = "";
			projectRoot = "";
			targets = (
				807DF2E22BABE88A009FC3B3 /* RustSwift */,
				807DF2F22BABE88B009FC3B3 /* RustSwiftTests */,
				807DF2FC2BABE88B009FC3B3 /* RustSwiftUITests */,
			);
		};
/* End PBXProject section */

/* Begin PBXResourcesBuildPhase section */
		807DF2E12BABE88A009FC3B3 /* Resources */ = {
			isa = PBXResourcesBuildPhase;
			buildActionMask = 2147483647;
			files = (
				807DF2EE2BABE88B009FC3B3 /* Preview Assets.xcassets in Resources */,
				807DF2EB2BABE88B009FC3B3 /* Assets.xcassets in Resources */,
			);
			runOnlyForDeploymentPostprocessing = 0;
		};
		807DF2F12BABE88B009FC3B3 /* Resources */ = {
			isa = PBXResourcesBuildPhase;
			buildActionMask = 2147483647;
			files = (
			);
			runOnlyForDeploymentPostprocessing = 0;
		};
		807DF2FB2BABE88B009FC3B3 /* Resources */ = {
			isa = PBXResourcesBuildPhase;
			buildActionMask = 2147483647;
			files = (
			);
			runOnlyForDeploymentPostprocessing = 0;
		};
/* End PBXResourcesBuildPhase section */

/* Begin PBXSourcesBuildPhase section */
		807DF2DF2BABE88A009FC3B3 /* Sources */ = {
			isa = PBXSourcesBuildPhase;
			buildActionMask = 2147483647;
			files = (
				807DF2E92BABE88A009FC3B3 /* ContentView.swift in Sources */,
				807DF3112BABE9BB009FC3B3 /* Hello.swift in Sources */,
				807DF2E72BABE88A009FC3B3 /* RustSwiftApp.swift in Sources */,
			);
			runOnlyForDeploymentPostprocessing = 0;
		};
		807DF2EF2BABE88B009FC3B3 /* Sources */ = {
			isa = PBXSourcesBuildPhase;
			buildActionMask = 2147483647;
			files = (
				807DF2F82BABE88B009FC3B3 /* RustSwiftTests.swift in Sources */,
			);
			runOnlyForDeploymentPostprocessing = 0;
		};
		807DF2F92BABE88B009FC3B3 /* Sources */ = {
			isa = PBXSourcesBuildPhase;
			buildActionMask = 2147483647;
			files = (
				807DF3042BABE88B009FC3B3 /* RustSwiftUITestsLaunchTests.swift in Sources */,
				807DF3022BABE88B009FC3B3 /* RustSwiftUITests.swift in Sources */,
			);
			runOnlyForDeploymentPostprocessing = 0;
		};
/* End PBXSourcesBuildPhase section */

/* Begin PBXTargetDependency section */
		807DF2F52BABE88B009FC3B3 /* PBXTargetDependency */ = {
			isa = PBXTargetDependency;
			target = 807DF2E22BABE88A009FC3B3 /* RustSwift */;
			targetProxy = 807DF2F42BABE88B009FC3B3 /* PBXContainerItemProxy */;
		};
		807DF2FF2BABE88B009FC3B3 /* PBXTargetDependency */ = {
			isa = PBXTargetDependency;
			target = 807DF2E22BABE88A009FC3B3 /* RustSwift */;
			targetProxy = 807DF2FE2BABE88B009FC3B3 /* PBXContainerItemProxy */;
		};
/* End PBXTargetDependency section */

/* Begin XCBuildConfiguration section */
		807DF3052BABE88B009FC3B3 /* Debug */ = {
			isa = XCBuildConfiguration;
			buildSettings = {
				ALWAYS_SEARCH_USER_PATHS = NO;
				ASSETCATALOG_COMPILER_GENERATE_SWIFT_ASSET_SYMBOL_EXTENSIONS = YES;
				CLANG_ANALYZER_NONNULL = YES;
				CLANG_ANALYZER_NUMBER_OBJECT_CONVERSION = YES_AGGRESSIVE;
				CLANG_CXX_LANGUAGE_STANDARD = "gnu++20";
				CLANG_ENABLE_MODULES = YES;
				CLANG_ENABLE_OBJC_ARC = YES;
				CLANG_ENABLE_OBJC_WEAK = YES;
				CLANG_WARN_BLOCK_CAPTURE_AUTORELEASING = YES;
				CLANG_WARN_BOOL_CONVERSION = YES;
				CLANG_WARN_COMMA = YES;
				CLANG_WARN_CONSTANT_CONVERSION = YES;
				CLANG_WARN_DEPRECATED_OBJC_IMPLEMENTATIONS = YES;
				CLANG_WARN_DIRECT_OBJC_ISA_USAGE = YES_ERROR;
				CLANG_WARN_DOCUMENTATION_COMMENTS = YES;
				CLANG_WARN_EMPTY_BODY = YES;
				CLANG_WARN_ENUM_CONVERSION = YES;
				CLANG_WARN_INFINITE_RECURSION = YES;
				CLANG_WARN_INT_CONVERSION = YES;
				CLANG_WARN_NON_LITERAL_NULL_CONVERSION = YES;
				CLANG_WARN_OBJC_IMPLICIT_RETAIN_SELF = YES;
				CLANG_WARN_OBJC_LITERAL_CONVERSION = YES;
				CLANG_WARN_OBJC_ROOT_CLASS = YES_ERROR;
				CLANG_WARN_QUOTED_INCLUDE_IN_FRAMEWORK_HEADER = YES;
				CLANG_WARN_RANGE_LOOP_ANALYSIS = YES;
				CLANG_WARN_STRICT_PROTOTYPES = YES;
				CLANG_WARN_SUSPICIOUS_MOVE = YES;
				CLANG_WARN_UNGUARDED_AVAILABILITY = YES_AGGRESSIVE;
				CLANG_WARN_UNREACHABLE_CODE = YES;
				CLANG_WARN__DUPLICATE_METHOD_MATCH = YES;
				COPY_PHASE_STRIP = NO;
				DEBUG_INFORMATION_FORMAT = dwarf;
				ENABLE_STRICT_OBJC_MSGSEND = YES;
				ENABLE_TESTABILITY = YES;
				ENABLE_USER_SCRIPT_SANDBOXING = YES;
				GCC_C_LANGUAGE_STANDARD = gnu17;
				GCC_DYNAMIC_NO_PIC = NO;
				GCC_NO_COMMON_BLOCKS = YES;
				GCC_OPTIMIZATION_LEVEL = 0;
				GCC_PREPROCESSOR_DEFINITIONS = (
					"DEBUG=1",
					"$(inherited)",
				);
				GCC_WARN_64_TO_32_BIT_CONVERSION = YES;
				GCC_WARN_ABOUT_RETURN_TYPE = YES_ERROR;
				GCC_WARN_UNDECLARED_SELECTOR = YES;
				GCC_WARN_UNINITIALIZED_AUTOS = YES_AGGRESSIVE;
				GCC_WARN_UNUSED_FUNCTION = YES;
				GCC_WARN_UNUSED_VARIABLE = YES;
				IPHONEOS_DEPLOYMENT_TARGET = 17.2;
				LOCALIZATION_PREFERS_STRING_CATALOGS = YES;
				MTL_ENABLE_DEBUG_INFO = INCLUDE_SOURCE;
				MTL_FAST_MATH = YES;
				ONLY_ACTIVE_ARCH = YES;
				SDKROOT = iphoneos;
				SWIFT_ACTIVE_COMPILATION_CONDITIONS = "DEBUG $(inherited)";
				SWIFT_OPTIMIZATION_LEVEL = "-Onone";
			};
			name = Debug;
		};
		807DF3062BABE88B009FC3B3 /* Release */ = {
			isa = XCBuildConfiguration;
			buildSettings = {
				ALWAYS_SEARCH_USER_PATHS = NO;
				ASSETCATALOG_COMPILER_GENERATE_SWIFT_ASSET_SYMBOL_EXTENSIONS = YES;
				CLANG_ANALYZER_NONNULL = YES;
				CLANG_ANALYZER_NUMBER_OBJECT_CONVERSION = YES_AGGRESSIVE;
				CLANG_CXX_LANGUAGE_STANDARD = "gnu++20";
				CLANG_ENABLE_MODULES = YES;
				CLANG_ENABLE_OBJC_ARC = YES;
				CLANG_ENABLE_OBJC_WEAK = YES;
				CLANG_WARN_BLOCK_CAPTURE_AUTORELEASING = YES;
				CLANG_WARN_BOOL_CONVERSION = YES;
				CLANG_WARN_COMMA = YES;
				CLANG_WARN_CONSTANT_CONVERSION = YES;
				CLANG_WARN_DEPRECATED_OBJC_IMPLEMENTATIONS = YES;
				CLANG_WARN_DIRECT_OBJC_ISA_USAGE = YES_ERROR;
				CLANG_WARN_DOCUMENTATION_COMMENTS = YES;
				CLANG_WARN_EMPTY_BODY = YES;
				CLANG_WARN_ENUM_CONVERSION = YES;
				CLANG_WARN_INFINITE_RECURSION = YES;
				CLANG_WARN_INT_CONVERSION = YES;
				CLANG_WARN_NON_LITERAL_NULL_CONVERSION = YES;
				CLANG_WARN_OBJC_IMPLICIT_RETAIN_SELF = YES;
				CLANG_WARN_OBJC_LITERAL_CONVERSION = YES;
				CLANG_WARN_OBJC_ROOT_CLASS = YES_ERROR;
				CLANG_WARN_QUOTED_INCLUDE_IN_FRAMEWORK_HEADER = YES;
				CLANG_WARN_RANGE_LOOP_ANALYSIS = YES;
				CLANG_WARN_STRICT_PROTOTYPES = YES;
				CLANG_WARN_SUSPICIOUS_MOVE = YES;
				CLANG_WARN_UNGUARDED_AVAILABILITY = YES_AGGRESSIVE;
				CLANG_WARN_UNREACHABLE_CODE = YES;
				CLANG_WARN__DUPLICATE_METHOD_MATCH = YES;
				COPY_PHASE_STRIP = NO;
				DEBUG_INFORMATION_FORMAT = "dwarf-with-dsym";
				ENABLE_NS_ASSERTIONS = NO;
				ENABLE_STRICT_OBJC_MSGSEND = YES;
				ENABLE_USER_SCRIPT_SANDBOXING = YES;
				GCC_C_LANGUAGE_STANDARD = gnu17;
				GCC_NO_COMMON_BLOCKS = YES;
				GCC_WARN_64_TO_32_BIT_CONVERSION = YES;
				GCC_WARN_ABOUT_RETURN_TYPE = YES_ERROR;
				GCC_WARN_UNDECLARED_SELECTOR = YES;
				GCC_WARN_UNINITIALIZED_AUTOS = YES_AGGRESSIVE;
				GCC_WARN_UNUSED_FUNCTION = YES;
				GCC_WARN_UNUSED_VARIABLE = YES;
				IPHONEOS_DEPLOYMENT_TARGET = 17.2;
				LOCALIZATION_PREFERS_STRING_CATALOGS = YES;
				MTL_ENABLE_DEBUG_INFO = NO;
				MTL_FAST_MATH = YES;
				SDKROOT = iphoneos;
				SWIFT_COMPILATION_MODE = wholemodule;
				VALIDATE_PRODUCT = YES;
			};
			name = Release;
		};
		807DF3082BABE88B009FC3B3 /* Debug */ = {
			isa = XCBuildConfiguration;
			buildSettings = {
				ASSETCATALOG_COMPILER_APPICON_NAME = AppIcon;
				ASSETCATALOG_COMPILER_GLOBAL_ACCENT_COLOR_NAME = AccentColor;
				CODE_SIGN_STYLE = Automatic;
				CURRENT_PROJECT_VERSION = 1;
				DEVELOPMENT_ASSET_PATHS = "\"RustSwift/Preview Content\"";
				DEVELOPMENT_TEAM = QG54RVTDZT;
				ENABLE_PREVIEWS = YES;
				GENERATE_INFOPLIST_FILE = YES;
				INFOPLIST_KEY_UIApplicationSceneManifest_Generation = YES;
				INFOPLIST_KEY_UIApplicationSupportsIndirectInputEvents = YES;
				INFOPLIST_KEY_UILaunchScreen_Generation = YES;
				INFOPLIST_KEY_UISupportedInterfaceOrientations_iPad = "UIInterfaceOrientationPortrait UIInterfaceOrientationPortraitUpsideDown UIInterfaceOrientationLandscapeLeft UIInterfaceOrientationLandscapeRight";
				INFOPLIST_KEY_UISupportedInterfaceOrientations_iPhone = "UIInterfaceOrientationPortrait UIInterfaceOrientationLandscapeLeft UIInterfaceOrientationLandscapeRight";
				LD_RUNPATH_SEARCH_PATHS = (
					"$(inherited)",
					"@executable_path/Frameworks",
				);
				LIBRARY_SEARCH_PATHS = "/Users/zhangjingzheng/Desktop/mine/rust-swift/rust-ios-example/hello-rust/libs";
				MARKETING_VERSION = 1.0;
				PRODUCT_BUNDLE_IDENTIFIER = demo.swiftrust.RustSwift;
				PRODUCT_NAME = "$(TARGET_NAME)";
				SWIFT_EMIT_LOC_STRINGS = YES;
				SWIFT_OBJC_BRIDGING_HEADER = "/Users/zhangjingzheng/Desktop/mine/rust-swift/rust-ios-example/hello-rust/include/rust.h";
				SWIFT_VERSION = 5.0;
				TARGETED_DEVICE_FAMILY = "1,2";
			};
			name = Debug;
		};
		807DF3092BABE88B009FC3B3 /* Release */ = {
			isa = XCBuildConfiguration;
			buildSettings = {
				ASSETCATALOG_COMPILER_APPICON_NAME = AppIcon;
				ASSETCATALOG_COMPILER_GLOBAL_ACCENT_COLOR_NAME = AccentColor;
				CODE_SIGN_STYLE = Automatic;
				CURRENT_PROJECT_VERSION = 1;
				DEVELOPMENT_ASSET_PATHS = "\"RustSwift/Preview Content\"";
				DEVELOPMENT_TEAM = QG54RVTDZT;
				ENABLE_PREVIEWS = YES;
				GENERATE_INFOPLIST_FILE = YES;
				INFOPLIST_KEY_UIApplicationSceneManifest_Generation = YES;
				INFOPLIST_KEY_UIApplicationSupportsIndirectInputEvents = YES;
				INFOPLIST_KEY_UILaunchScreen_Generation = YES;
				INFOPLIST_KEY_UISupportedInterfaceOrientations_iPad = "UIInterfaceOrientationPortrait UIInterfaceOrientationPortraitUpsideDown UIInterfaceOrientationLandscapeLeft UIInterfaceOrientationLandscapeRight";
				INFOPLIST_KEY_UISupportedInterfaceOrientations_iPhone = "UIInterfaceOrientationPortrait UIInterfaceOrientationLandscapeLeft UIInterfaceOrientationLandscapeRight";
				LD_RUNPATH_SEARCH_PATHS = (
					"$(inherited)",
					"@executable_path/Frameworks",
				);
				LIBRARY_SEARCH_PATHS = "/Users/zhangjingzheng/Desktop/mine/rust-swift/rust-ios-example/hello-rust/libs";
				MARKETING_VERSION = 1.0;
				PRODUCT_BUNDLE_IDENTIFIER = demo.swiftrust.RustSwift;
				PRODUCT_NAME = "$(TARGET_NAME)";
				SWIFT_EMIT_LOC_STRINGS = YES;
				SWIFT_OBJC_BRIDGING_HEADER = "/Users/zhangjingzheng/Desktop/mine/rust-swift/rust-ios-example/hello-rust/include/rust.h";
				SWIFT_VERSION = 5.0;
				TARGETED_DEVICE_FAMILY = "1,2";
			};
			name = Release;
		};
		807DF30B2BABE88B009FC3B3 /* Debug */ = {
			isa = XCBuildConfiguration;
			buildSettings = {
				ALWAYS_EMBED_SWIFT_STANDARD_LIBRARIES = YES;
				BUNDLE_LOADER = "$(TEST_HOST)";
				CODE_SIGN_STYLE = Automatic;
				CURRENT_PROJECT_VERSION = 1;
				DEVELOPMENT_TEAM = QG54RVTDZT;
				GENERATE_INFOPLIST_FILE = YES;
				IPHONEOS_DEPLOYMENT_TARGET = 17.2;
				MARKETING_VERSION = 1.0;
				PRODUCT_BUNDLE_IDENTIFIER = demo.swiftrust.RustSwiftTests;
				PRODUCT_NAME = "$(TARGET_NAME)";
				SWIFT_EMIT_LOC_STRINGS = NO;
				SWIFT_VERSION = 5.0;
				TARGETED_DEVICE_FAMILY = "1,2";
				TEST_HOST = "$(BUILT_PRODUCTS_DIR)/RustSwift.app/$(BUNDLE_EXECUTABLE_FOLDER_PATH)/RustSwift";
			};
			name = Debug;
		};
		807DF30C2BABE88B009FC3B3 /* Release */ = {
			isa = XCBuildConfiguration;
			buildSettings = {
				ALWAYS_EMBED_SWIFT_STANDARD_LIBRARIES = YES;
				BUNDLE_LOADER = "$(TEST_HOST)";
				CODE_SIGN_STYLE = Automatic;
				CURRENT_PROJECT_VERSION = 1;
				DEVELOPMENT_TEAM = QG54RVTDZT;
				GENERATE_INFOPLIST_FILE = YES;
				IPHONEOS_DEPLOYMENT_TARGET = 17.2;
				MARKETING_VERSION = 1.0;
				PRODUCT_BUNDLE_IDENTIFIER = demo.swiftrust.RustSwiftTests;
				PRODUCT_NAME = "$(TARGET_NAME)";
				SWIFT_EMIT_LOC_STRINGS = NO;
				SWIFT_VERSION = 5.0;
				TARGETED_DEVICE_FAMILY = "1,2";
				TEST_HOST = "$(BUILT_PRODUCTS_DIR)/RustSwift.app/$(BUNDLE_EXECUTABLE_FOLDER_PATH)/RustSwift";
			};
			name = Release;
		};
		807DF30E2BABE88B009FC3B3 /* Debug */ = {
			isa = XCBuildConfiguration;
			buildSettings = {
				ALWAYS_EMBED_SWIFT_STANDARD_LIBRARIES = YES;
				CODE_SIGN_STYLE = Automatic;
				CURRENT_PROJECT_VERSION = 1;
				DEVELOPMENT_TEAM = QG54RVTDZT;
				GENERATE_INFOPLIST_FILE = YES;
				MARKETING_VERSION = 1.0;
				PRODUCT_BUNDLE_IDENTIFIER = demo.swiftrust.RustSwiftUITests;
				PRODUCT_NAME = "$(TARGET_NAME)";
				SWIFT_EMIT_LOC_STRINGS = NO;
				SWIFT_VERSION = 5.0;
				TARGETED_DEVICE_FAMILY = "1,2";
				TEST_TARGET_NAME = RustSwift;
			};
			name = Debug;
		};
		807DF30F2BABE88B009FC3B3 /* Release */ = {
			isa = XCBuildConfiguration;
			buildSettings = {
				ALWAYS_EMBED_SWIFT_STANDARD_LIBRARIES = YES;
				CODE_SIGN_STYLE = Automatic;
				CURRENT_PROJECT_VERSION = 1;
				DEVELOPMENT_TEAM = QG54RVTDZT;
				GENERATE_INFOPLIST_FILE = YES;
				MARKETING_VERSION = 1.0;
				PRODUCT_BUNDLE_IDENTIFIER = demo.swiftrust.RustSwiftUITests;
				PRODUCT_NAME = "$(TARGET_NAME)";
				SWIFT_EMIT_LOC_STRINGS = NO;
				SWIFT_VERSION = 5.0;
				TARGETED_DEVICE_FAMILY = "1,2";
				TEST_TARGET_NAME = RustSwift;
			};
			name = Release;
		};
/* End XCBuildConfiguration section */

/* Begin XCConfigurationList section */
		807DF2DE2BABE88A009FC3B3 /* Build configuration list for PBXProject "RustSwift" */ = {
			isa = XCConfigurationList;
			buildConfigurations = (
				807DF3052BABE88B009FC3B3 /* Debug */,
				807DF3062BABE88B009FC3B3 /* Release */,
			);
			defaultConfigurationIsVisible = 0;
			defaultConfigurationName = Release;
		};
		807DF3072BABE88B009FC3B3 /* Build configuration list for PBXNativeTarget "RustSwift" */ = {
			isa = XCConfigurationList;
			buildConfigurations = (
				807DF3082BABE88B009FC3B3 /* Debug */,
				807DF3092BABE88B009FC3B3 /* Release */,
			);
			defaultConfigurationIsVisible = 0;
			defaultConfigurationName = Release;
		};
		807DF30A2BABE88B009FC3B3 /* Build configuration list for PBXNativeTarget "RustSwiftTests" */ = {
			isa = XCConfigurationList;
			buildConfigurations = (
				807DF30B2BABE88B009FC3B3 /* Debug */,
				807DF30C2BABE88B009FC3B3 /* Release */,
			);
			defaultConfigurationIsVisible = 0;
			defaultConfigurationName = Release;
		};
		807DF30D2BABE88B009FC3B3 /* Build configuration list for PBXNativeTarget "RustSwiftUITests" */ = {
			isa = XCConfigurationList;
			buildConfigurations = (
				807DF30E2BABE88B009FC3B3 /* Debug */,
				807DF30F2BABE88B009FC3B3 /* Release */,
			);
			defaultConfigurationIsVisible = 0;
			defaultConfigurationName = Release;
		};
/* End XCConfigurationList section */
	};
	rootObject = 807DF2DB2BABE88A009FC3B3 /* Project object */;
}
